
Microsoft Visual Studio Solution File, Format Version 12.00
# Visual Studio Version 17
VisualStudioVersion = 17.14.36414.22 d17.14
MinimumVisualStudioVersion = 10.0.40219.1
Project("{FAE04EC0-301F-11D3-BF4B-00C04F79EFBC}") = "Nraya", "Nraya\Nraya.csproj", "{1D902002-6E14-4749-970E-5D13D50C1A90}"
EndProject
Global
	GlobalSection(SolutionConfigurationPlatforms) = preSolution
		Debug|Any CPU = Debug|Any CPU
		Release|Any CPU = Release|Any CPU
	EndGlobalSection
	GlobalSection(ProjectConfigurationPlatforms) = postSolution
		{1D902002-6E14-4749-970E-5D13D50C1A90}.Debug|Any CPU.ActiveCfg = Debug|Any CPU
		{1D902002-6E14-4749-970E-5D13D50C1A90}.Debug|Any CPU.Build.0 = Debug|Any CPU
		{1D902002-6E14-4749-970E-5D13D50C1A90}.Release|Any CPU.ActiveCfg = Release|Any CPU
		{1D902002-6E14-4749-970E-5D13D50C1A90}.Release|Any CPU.Build.0 = Release|Any CPU
	EndGlobalSection
	GlobalSection(SolutionProperties) = preSolution
		HideSolutionNode = FALSE
	EndGlobalSection
	GlobalSection(ExtensibilityGlobals) = postSolution
		SolutionGuid = {132FFC00-542C-4488-837C-77D67B0FFE59}
	EndGlobalSection
EndGlobal
